
Microsoft Visual Studio Solution File, Format Version 12.00
# Visual Studio Version 16
VisualStudioVersion = 16.0.30114.105
MinimumVisualStudioVersion = 10.0.40219.1
Project("{FAE04EC0-301F-11D3-BF4B-00C04F79EFBC}") = "ProEvents.Application", "ProEvents.Application\ProEvents.Application.csproj", "{6E54609C-CBFA-4E55-85CD-870AA1247C0A}"
EndProject
Project("{FAE04EC0-301F-11D3-BF4B-00C04F79EFBC}") = "ProEvents.Domain", "ProEvents.Domain\ProEvents.Domain.csproj", "{4AE89494-8123-4A0B-8738-335247FC9EF5}"
EndProject
Project("{FAE04EC0-301F-11D3-BF4B-00C04F79EFBC}") = "ProEvents.API", "ProEvents.API\ProEvents.API.csproj", "{3522618A-01A5-4D9B-9038-905A40DCC90B}"
EndProject
Project("{FAE04EC0-301F-11D3-BF4B-00C04F79EFBC}") = "ProEvents.Persistence", "ProEvents.Persistence\ProEvents.Persistence.csproj", "{F4DBDCA6-88DE-4A39-A1E9-CD82F12EA9A7}"
EndProject
Global
	GlobalSection(SolutionConfigurationPlatforms) = preSolution
		Debug|Any CPU = Debug|Any CPU
		Debug|x64 = Debug|x64
		Debug|x86 = Debug|x86
		Release|Any CPU = Release|Any CPU
		Release|x64 = Release|x64
		Release|x86 = Release|x86
	EndGlobalSection
	GlobalSection(SolutionProperties) = preSolution
		HideSolutionNode = FALSE
	EndGlobalSection
	GlobalSection(ProjectConfigurationPlatforms) = postSolution
		{6E54609C-CBFA-4E55-85CD-870AA1247C0A}.Debug|Any CPU.ActiveCfg = Debug|Any CPU
		{6E54609C-CBFA-4E55-85CD-870AA1247C0A}.Debug|Any CPU.Build.0 = Debug|Any CPU
		{6E54609C-CBFA-4E55-85CD-870AA1247C0A}.Debug|x64.ActiveCfg = Debug|Any CPU
		{6E54609C-CBFA-4E55-85CD-870AA1247C0A}.Debug|x64.Build.0 = Debug|Any CPU
		{6E54609C-CBFA-4E55-85CD-870AA1247C0A}.Debug|x86.ActiveCfg = Debug|Any CPU
		{6E54609C-CBFA-4E55-85CD-870AA1247C0A}.Debug|x86.Build.0 = Debug|Any CPU
		{6E54609C-CBFA-4E55-85CD-870AA1247C0A}.Release|Any CPU.ActiveCfg = Release|Any CPU
		{6E54609C-CBFA-4E55-85CD-870AA1247C0A}.Release|Any CPU.Build.0 = Release|Any CPU
		{6E54609C-CBFA-4E55-85CD-870AA1247C0A}.Release|x64.ActiveCfg = Release|Any CPU
		{6E54609C-CBFA-4E55-85CD-870AA1247C0A}.Release|x64.Build.0 = Release|Any CPU
		{6E54609C-CBFA-4E55-85CD-870AA1247C0A}.Release|x86.ActiveCfg = Release|Any CPU
		{6E54609C-CBFA-4E55-85CD-870AA1247C0A}.Release|x86.Build.0 = Release|Any CPU
		{4AE89494-8123-4A0B-8738-335247FC9EF5}.Debug|Any CPU.ActiveCfg = Debug|Any CPU
		{4AE89494-8123-4A0B-8738-335247FC9EF5}.Debug|Any CPU.Build.0 = Debug|Any CPU
		{4AE89494-8123-4A0B-8738-335247FC9EF5}.Debug|x64.ActiveCfg = Debug|Any CPU
		{4AE89494-8123-4A0B-8738-335247FC9EF5}.Debug|x64.Build.0 = Debug|Any CPU
		{4AE89494-8123-4A0B-8738-335247FC9EF5}.Debug|x86.ActiveCfg = Debug|Any CPU
		{4AE89494-8123-4A0B-8738-335247FC9EF5}.Debug|x86.Build.0 = Debug|Any CPU
		{4AE89494-8123-4A0B-8738-335247FC9EF5}.Release|Any CPU.ActiveCfg = Release|Any CPU
		{4AE89494-8123-4A0B-8738-335247FC9EF5}.Release|Any CPU.Build.0 = Release|Any CPU
		{4AE89494-8123-4A0B-8738-335247FC9EF5}.Release|x64.ActiveCfg = Release|Any CPU
		{4AE89494-8123-4A0B-8738-335247FC9EF5}.Release|x64.Build.0 = Release|Any CPU
		{4AE89494-8123-4A0B-8738-335247FC9EF5}.Release|x86.ActiveCfg = Release|Any CPU
		{4AE89494-8123-4A0B-8738-335247FC9EF5}.Release|x86.Build.0 = Release|Any CPU
		{3522618A-01A5-4D9B-9038-905A40DCC90B}.Debug|Any CPU.ActiveCfg = Debug|Any CPU
		{3522618A-01A5-4D9B-9038-905A40DCC90B}.Debug|Any CPU.Build.0 = Debug|Any CPU
		{3522618A-01A5-4D9B-9038-905A40DCC90B}.Debug|x64.ActiveCfg = Debug|Any CPU
		{3522618A-01A5-4D9B-9038-905A40DCC90B}.Debug|x64.Build.0 = Debug|Any CPU
		{3522618A-01A5-4D9B-9038-905A40DCC90B}.Debug|x86.ActiveCfg = Debug|Any CPU
		{3522618A-01A5-4D9B-9038-905A40DCC90B}.Debug|x86.Build.0 = Debug|Any CPU
		{3522618A-01A5-4D9B-9038-905A40DCC90B}.Release|Any CPU.ActiveCfg = Release|Any CPU
		{3522618A-01A5-4D9B-9038-905A40DCC90B}.Release|Any CPU.Build.0 = Release|Any CPU
		{3522618A-01A5-4D9B-9038-905A40DCC90B}.Release|x64.ActiveCfg = Release|Any CPU
		{3522618A-01A5-4D9B-9038-905A40DCC90B}.Release|x64.Build.0 = Release|Any CPU
		{3522618A-01A5-4D9B-9038-905A40DCC90B}.Release|x86.ActiveCfg = Release|Any CPU
		{3522618A-01A5-4D9B-9038-905A40DCC90B}.Release|x86.Build.0 = Release|Any CPU
		{F4DBDCA6-88DE-4A39-A1E9-CD82F12EA9A7}.Debug|Any CPU.ActiveCfg = Debug|Any CPU
		{F4DBDCA6-88DE-4A39-A1E9-CD82F12EA9A7}.Debug|Any CPU.Build.0 = Debug|Any CPU
		{F4DBDCA6-88DE-4A39-A1E9-CD82F12EA9A7}.Debug|x64.ActiveCfg = Debug|Any CPU
		{F4DBDCA6-88DE-4A39-A1E9-CD82F12EA9A7}.Debug|x64.Build.0 = Debug|Any CPU
		{F4DBDCA6-88DE-4A39-A1E9-CD82F12EA9A7}.Debug|x86.ActiveCfg = Debug|Any CPU
		{F4DBDCA6-88DE-4A39-A1E9-CD82F12EA9A7}.Debug|x86.Build.0 = Debug|Any CPU
		{F4DBDCA6-88DE-4A39-A1E9-CD82F12EA9A7}.Release|Any CPU.ActiveCfg = Release|Any CPU
		{F4DBDCA6-88DE-4A39-A1E9-CD82F12EA9A7}.Release|Any CPU.Build.0 = Release|Any CPU
		{F4DBDCA6-88DE-4A39-A1E9-CD82F12EA9A7}.Release|x64.ActiveCfg = Release|Any CPU
		{F4DBDCA6-88DE-4A39-A1E9-CD82F12EA9A7}.Release|x64.Build.0 = Release|Any CPU
		{F4DBDCA6-88DE-4A39-A1E9-CD82F12EA9A7}.Release|x86.ActiveCfg = Release|Any CPU
		{F4DBDCA6-88DE-4A39-A1E9-CD82F12EA9A7}.Release|x86.Build.0 = Release|Any CPU
	EndGlobalSection
EndGlobal
